{
  "name": "ContractManagment(Al-Doori)",
  "lockfileVersion": 2,
  "requires": true,
  "packages": {
    "": {
      "dependencies": {
        "lottie-web": "^5.9.4"
      }
    },
    "node_modules/lottie-web": {
      "version": "5.9.4",
      "resolved": "https://registry.npmjs.org/lottie-web/-/lottie-web-5.9.4.tgz",
      "integrity": "sha512-bSs1ZTPifnBVejO1MnQHdfrKfcn02YTCmgOh2wcAEICqRA0V7GzDh8FnwXY6+EzT+i8XOunaIloo/5xC5YNbsA=="
    }
  },
  "dependencies": {
    "lottie-web": {
      "version": "5.9.4",
      "resolved": "https://registry.npmjs.org/lottie-web/-/lottie-web-5.9.4.tgz",
      "integrity": "sha512-bSs1ZTPifnBVejO1MnQHdfrKfcn02YTCmgOh2wcAEICqRA0V7GzDh8FnwXY6+EzT+i8XOunaIloo/5xC5YNbsA=="
    }
  }
}
